
Microsoft Visual Studio Solution File, Format Version 12.00
# Visual Studio Version 17
VisualStudioVersion = 17.9.34728.123
MinimumVisualStudioVersion = 10.0.40219.1
Project("{FAE04EC0-301F-11D3-BF4B-00C04F79EFBC}") = "BulwarkWebApp", "BulwarkWebApp\BulwarkWebApp.csproj", "{E0006ED3-92FD-4904-AC1E-36BC966BFB3F}"
EndProject
Project("{FAE04EC0-301F-11D3-BF4B-00C04F79EFBC}") = "BulwarkWebApp.Client", "BulwarkWebApp.Client\BulwarkWebApp.Client.csproj", "{E5ADD7CB-2228-4BC3-941F-AF63660217ED}"
EndProject
Global
	GlobalSection(SolutionConfigurationPlatforms) = preSolution
		Debug|Any CPU = Debug|Any CPU
		Release|Any CPU = Release|Any CPU
	EndGlobalSection
	GlobalSection(ProjectConfigurationPlatforms) = postSolution
		{E0006ED3-92FD-4904-AC1E-36BC966BFB3F}.Debug|Any CPU.ActiveCfg = Debug|Any CPU
		{E0006ED3-92FD-4904-AC1E-36BC966BFB3F}.Debug|Any CPU.Build.0 = Debug|Any CPU
		{E0006ED3-92FD-4904-AC1E-36BC966BFB3F}.Release|Any CPU.ActiveCfg = Release|Any CPU
		{E0006ED3-92FD-4904-AC1E-36BC966BFB3F}.Release|Any CPU.Build.0 = Release|Any CPU
		{E5ADD7CB-2228-4BC3-941F-AF63660217ED}.Debug|Any CPU.ActiveCfg = Debug|Any CPU
		{E5ADD7CB-2228-4BC3-941F-AF63660217ED}.Debug|Any CPU.Build.0 = Debug|Any CPU
		{E5ADD7CB-2228-4BC3-941F-AF63660217ED}.Release|Any CPU.ActiveCfg = Release|Any CPU
		{E5ADD7CB-2228-4BC3-941F-AF63660217ED}.Release|Any CPU.Build.0 = Release|Any CPU
	EndGlobalSection
	GlobalSection(SolutionProperties) = preSolution
		HideSolutionNode = FALSE
	EndGlobalSection
	GlobalSection(ExtensibilityGlobals) = postSolution
		SolutionGuid = {3886BA07-5D27-4767-8C62-26AFB4078655}
	EndGlobalSection
EndGlobal
